// !$*UTF8*$!
{
	archiveVersion = 1;
	classes = {
	};
	objectVersion = 50;
	objects = {

/* Begin PBXBuildFile section */
		090AA590268CABEF00C55981 /* DeferredDemo.cpp in Sources */ = {isa = PBXBuildFile; fileRef = 090AA58E268CABEF00C55981 /* DeferredDemo.cpp */; };
		090AA593268CC13900C55981 /* VulkanglTFModel.cpp in Sources */ = {isa = PBXBuildFile; fileRef = 090AA591268CC13900C55981 /* VulkanglTFModel.cpp */; };
		09A9DE5D267CF2A00026AF46 /* libglfw.3.3.dylib in Frameworks */ = {isa = PBXBuildFile; fileRef = 09A9DE5C267CF2A00026AF46 /* libglfw.3.3.dylib */; };
		09A9DE61267CF2CB0026AF46 /* libvulkan.1.2.176.dylib in Frameworks */ = {isa = PBXBuildFile; fileRef = 09A9DE60267CF2CB0026AF46 /* libvulkan.1.2.176.dylib */; };
		09A9DE65267CF4120026AF46 /* libvulkan.1.2.176.dylib in CopyFiles */ = {isa = PBXBuildFile; fileRef = 09A9DE63267CF4120026AF46 /* libvulkan.1.2.176.dylib */; };
		09A9DE69267CF4A10026AF46 /* libglfw.3.3.dylib in CopyFiles */ = {isa = PBXBuildFile; fileRef = 09A9DE68267CF4A10026AF46 /* libglfw.3.3.dylib */; };
		09A9DE6C267DCC020026AF46 /* libMoltenVK.dylib in CopyFiles */ = {isa = PBXBuildFile; fileRef = 09A9DE6B267DCC020026AF46 /* libMoltenVK.dylib */; };
		09A9DE6D267DCC0E0026AF46 /* libMoltenVK.dylib in Frameworks */ = {isa = PBXBuildFile; fileRef = 09A9DE6B267DCC020026AF46 /* libMoltenVK.dylib */; };
		09A9DE6F267F19CE0026AF46 /* libvulkan.1.dylib in Frameworks */ = {isa = PBXBuildFile; fileRef = 09A9DE6E267F19CE0026AF46 /* libvulkan.1.dylib */; };
		09A9DE71267F19D60026AF46 /* libvulkan.1.dylib in CopyFiles */ = {isa = PBXBuildFile; fileRef = 09A9DE70267F19D60026AF46 /* libvulkan.1.dylib */; };
		09A9DE8A2686093D0026AF46 /* PhysicalDevice.cpp in Sources */ = {isa = PBXBuildFile; fileRef = 09A9DE892686093D0026AF46 /* PhysicalDevice.cpp */; };
		09A9DE8D26860E8A0026AF46 /* VulkanRHI.cpp in Sources */ = {isa = PBXBuildFile; fileRef = 09A9DE8C26860E8A0026AF46 /* VulkanRHI.cpp */; };
		09A9DE90268612790026AF46 /* Engine.cpp in Sources */ = {isa = PBXBuildFile; fileRef = 09A9DE8F268612790026AF46 /* Engine.cpp */; };
		09A9DE932686371F0026AF46 /* LogicalDevice.cpp in Sources */ = {isa = PBXBuildFile; fileRef = 09A9DE922686371F0026AF46 /* LogicalDevice.cpp */; };
		09A9DE972686E2190026AF46 /* SwapChain.cpp in Sources */ = {isa = PBXBuildFile; fileRef = 09A9DE952686E2190026AF46 /* SwapChain.cpp */; };
		09A9DE9A2686E9050026AF46 /* ImageView.cpp in Sources */ = {isa = PBXBuildFile; fileRef = 09A9DE982686E9050026AF46 /* ImageView.cpp */; };
		09A9DE9D2686EFA00026AF46 /* RenderPass.cpp in Sources */ = {isa = PBXBuildFile; fileRef = 09A9DE9B2686EFA00026AF46 /* RenderPass.cpp */; };
		09A9DEA02686F76B0026AF46 /* Descriptor.cpp in Sources */ = {isa = PBXBuildFile; fileRef = 09A9DE9E2686F76B0026AF46 /* Descriptor.cpp */; };
		09A9DEA32686F89E0026AF46 /* Pipeline.cpp in Sources */ = {isa = PBXBuildFile; fileRef = 09A9DEA12686F89E0026AF46 /* Pipeline.cpp */; };
		09A9DEA62687037D0026AF46 /* CommandPool.cpp in Sources */ = {isa = PBXBuildFile; fileRef = 09A9DEA42687037D0026AF46 /* CommandPool.cpp */; };
		09A9DEA926870BE50026AF46 /* FrameBuffer.cpp in Sources */ = {isa = PBXBuildFile; fileRef = 09A9DEA726870BE50026AF46 /* FrameBuffer.cpp */; };
		09A9DEAC26876DEA0026AF46 /* Buffer.cpp in Sources */ = {isa = PBXBuildFile; fileRef = 09A9DEAA26876DEA0026AF46 /* Buffer.cpp */; };
		09A9DEAF268776240026AF46 /* test_main.cpp in Sources */ = {isa = PBXBuildFile; fileRef = 09A9DEAE268776240026AF46 /* test_main.cpp */; };
		09A9DEB2268779420026AF46 /* Sampler.cpp in Sources */ = {isa = PBXBuildFile; fileRef = 09A9DEB0268779420026AF46 /* Sampler.cpp */; };
		09A9DEB526877DD80026AF46 /* LoadModel.cpp in Sources */ = {isa = PBXBuildFile; fileRef = 09A9DEB326877DD80026AF46 /* LoadModel.cpp */; };
		09A9DEB826879D8B0026AF46 /* SyncObject.cpp in Sources */ = {isa = PBXBuildFile; fileRef = 09A9DEB626879D8B0026AF46 /* SyncObject.cpp */; };
/* End PBXBuildFile section */

/* Begin PBXCopyFilesBuildPhase section */
		09A9DE4C267CEAC00026AF46 /* CopyFiles */ = {
			isa = PBXCopyFilesBuildPhase;
			buildActionMask = 12;
			dstPath = "";
			dstSubfolderSpec = 10;
			files = (
				09A9DE69267CF4A10026AF46 /* libglfw.3.3.dylib in CopyFiles */,
				09A9DE6C267DCC020026AF46 /* libMoltenVK.dylib in CopyFiles */,
				09A9DE65267CF4120026AF46 /* libvulkan.1.2.176.dylib in CopyFiles */,
				09A9DE71267F19D60026AF46 /* libvulkan.1.dylib in CopyFiles */,
			);
			runOnlyForDeploymentPostprocessing = 0;
		};
/* End PBXCopyFilesBuildPhase section */

/* Begin PBXFileReference section */
		090AA58E268CABEF00C55981 /* DeferredDemo.cpp */ = {isa = PBXFileReference; lastKnownFileType = sourcecode.cpp.cpp; path = DeferredDemo.cpp; sourceTree = "<group>"; };
		090AA58F268CABEF00C55981 /* DeferredDemo.hpp */ = {isa = PBXFileReference; lastKnownFileType = sourcecode.cpp.h; path = DeferredDemo.hpp; sourceTree = "<group>"; };
		090AA591268CC13900C55981 /* VulkanglTFModel.cpp */ = {isa = PBXFileReference; lastKnownFileType = sourcecode.cpp.cpp; path = VulkanglTFModel.cpp; sourceTree = "<group>"; };
		090AA592268CC13900C55981 /* VulkanglTFModel.hpp */ = {isa = PBXFileReference; lastKnownFileType = sourcecode.cpp.h; path = VulkanglTFModel.hpp; sourceTree = "<group>"; };
		09A9DE4E267CEAC00026AF46 /* vulkan */ = {isa = PBXFileReference; explicitFileType = "compiled.mach-o.executable"; includeInIndex = 0; path = vulkan; sourceTree = BUILT_PRODUCTS_DIR; };
		09A9DE5C267CF2A00026AF46 /* libglfw.3.3.dylib */ = {isa = PBXFileReference; lastKnownFileType = "compiled.mach-o.dylib"; name = libglfw.3.3.dylib; path = ../../../usr/local/lib/libglfw.3.3.dylib; sourceTree = "<group>"; };
		09A9DE5E267CF2C80026AF46 /* libvulkan.1.dylib */ = {isa = PBXFileReference; lastKnownFileType = "compiled.mach-o.dylib"; name = libvulkan.1.dylib; path = ../../../usr/local/lib/libvulkan.1.dylib; sourceTree = "<group>"; };
		09A9DE60267CF2CB0026AF46 /* libvulkan.1.2.176.dylib */ = {isa = PBXFileReference; lastKnownFileType = "compiled.mach-o.dylib"; name = libvulkan.1.2.176.dylib; path = ../../../usr/local/lib/libvulkan.1.2.176.dylib; sourceTree = "<group>"; };
		09A9DE63267CF4120026AF46 /* libvulkan.1.2.176.dylib */ = {isa = PBXFileReference; lastKnownFileType = "compiled.mach-o.dylib"; name = libvulkan.1.2.176.dylib; path = ../../../usr/local/lib/libvulkan.1.2.176.dylib; sourceTree = "<group>"; };
		09A9DE64267CF4120026AF46 /* libvulkan.1.dylib */ = {isa = PBXFileReference; lastKnownFileType = "compiled.mach-o.dylib"; name = libvulkan.1.dylib; path = ../../../usr/local/lib/libvulkan.1.dylib; sourceTree = "<group>"; };
		09A9DE68267CF4A10026AF46 /* libglfw.3.3.dylib */ = {isa = PBXFileReference; lastKnownFileType = "compiled.mach-o.dylib"; name = libglfw.3.3.dylib; path = ../../../usr/local/lib/libglfw.3.3.dylib; sourceTree = "<group>"; };
		09A9DE6B267DCC020026AF46 /* libMoltenVK.dylib */ = {isa = PBXFileReference; lastKnownFileType = "compiled.mach-o.dylib"; name = libMoltenVK.dylib; path = ../../../usr/local/lib/libMoltenVK.dylib; sourceTree = "<group>"; };
		09A9DE6E267F19CE0026AF46 /* libvulkan.1.dylib */ = {isa = PBXFileReference; lastKnownFileType = "compiled.mach-o.dylib"; name = libvulkan.1.dylib; path = ../VulkanSDK/1.2.176.1/macOS/lib/libvulkan.1.dylib; sourceTree = "<group>"; };
		09A9DE70267F19D60026AF46 /* libvulkan.1.dylib */ = {isa = PBXFileReference; lastKnownFileType = "compiled.mach-o.dylib"; name = libvulkan.1.dylib; path = ../VulkanSDK/1.2.176.1/macOS/lib/libvulkan.1.dylib; sourceTree = "<group>"; };
		09A9DE75267F63790026AF46 /* shader.vert */ = {isa = PBXFileReference; lastKnownFileType = sourcecode.glsl; path = shader.vert; sourceTree = "<group>"; };
		09A9DE76267F63DE0026AF46 /* shader.frag */ = {isa = PBXFileReference; lastKnownFileType = sourcecode.glsl; path = shader.frag; sourceTree = "<group>"; };
		09A9DE77267F641C0026AF46 /* compile.sh */ = {isa = PBXFileReference; lastKnownFileType = text.script.sh; path = compile.sh; sourceTree = "<group>"; };
		09A9DE7B267F76A70026AF46 /* vert.spv */ = {isa = PBXFileReference; lastKnownFileType = file; path = vert.spv; sourceTree = "<group>"; };
		09A9DE7C267F76A70026AF46 /* frag.spv */ = {isa = PBXFileReference; lastKnownFileType = file; path = frag.spv; sourceTree = "<group>"; };
		09A9DE7D26836A940026AF46 /* stb_image.h */ = {isa = PBXFileReference; lastKnownFileType = sourcecode.c.h; path = stb_image.h; sourceTree = "<group>"; };
		09A9DE7F26837EB00026AF46 /* textures */ = {isa = PBXFileReference; lastKnownFileType = folder; path = textures; sourceTree = "<group>"; };
		09A9DE802684CDB10026AF46 /* tiny_obj_loader.h */ = {isa = PBXFileReference; lastKnownFileType = sourcecode.c.h; path = tiny_obj_loader.h; sourceTree = "<group>"; };
		09A9DE88268608BE0026AF46 /* PhysicalDevice.h */ = {isa = PBXFileReference; lastKnownFileType = sourcecode.c.h; path = PhysicalDevice.h; sourceTree = "<group>"; };
		09A9DE892686093D0026AF46 /* PhysicalDevice.cpp */ = {isa = PBXFileReference; lastKnownFileType = sourcecode.cpp.cpp; path = PhysicalDevice.cpp; sourceTree = "<group>"; };
		09A9DE8B26860DE40026AF46 /* VulkanRHI.h */ = {isa = PBXFileReference; lastKnownFileType = sourcecode.c.h; path = VulkanRHI.h; sourceTree = "<group>"; };
		09A9DE8C26860E8A0026AF46 /* VulkanRHI.cpp */ = {isa = PBXFileReference; lastKnownFileType = sourcecode.cpp.cpp; path = VulkanRHI.cpp; sourceTree = "<group>"; };
		09A9DE8E268612660026AF46 /* Engine.h */ = {isa = PBXFileReference; lastKnownFileType = sourcecode.c.h; path = Engine.h; sourceTree = "<group>"; };
		09A9DE8F268612790026AF46 /* Engine.cpp */ = {isa = PBXFileReference; lastKnownFileType = sourcecode.cpp.cpp; path = Engine.cpp; sourceTree = "<group>"; };
		09A9DE91268637090026AF46 /* LogicalDevice.h */ = {isa = PBXFileReference; lastKnownFileType = sourcecode.c.h; path = LogicalDevice.h; sourceTree = "<group>"; };
		09A9DE922686371F0026AF46 /* LogicalDevice.cpp */ = {isa = PBXFileReference; lastKnownFileType = sourcecode.cpp.cpp; path = LogicalDevice.cpp; sourceTree = "<group>"; };
		09A9DE942686DDE10026AF46 /* Utils.h */ = {isa = PBXFileReference; lastKnownFileType = sourcecode.c.h; path = Utils.h; sourceTree = "<group>"; };
		09A9DE952686E2190026AF46 /* SwapChain.cpp */ = {isa = PBXFileReference; lastKnownFileType = sourcecode.cpp.cpp; path = SwapChain.cpp; sourceTree = "<group>"; };
		09A9DE962686E2190026AF46 /* SwapChain.hpp */ = {isa = PBXFileReference; lastKnownFileType = sourcecode.cpp.h; path = SwapChain.hpp; sourceTree = "<group>"; };
		09A9DE982686E9050026AF46 /* ImageView.cpp */ = {isa = PBXFileReference; lastKnownFileType = sourcecode.cpp.cpp; path = ImageView.cpp; sourceTree = "<group>"; };
		09A9DE992686E9050026AF46 /* ImageView.hpp */ = {isa = PBXFileReference; lastKnownFileType = sourcecode.cpp.h; path = ImageView.hpp; sourceTree = "<group>"; };
		09A9DE9B2686EFA00026AF46 /* RenderPass.cpp */ = {isa = PBXFileReference; lastKnownFileType = sourcecode.cpp.cpp; path = RenderPass.cpp; sourceTree = "<group>"; };
		09A9DE9C2686EFA00026AF46 /* RenderPass.hpp */ = {isa = PBXFileReference; lastKnownFileType = sourcecode.cpp.h; path = RenderPass.hpp; sourceTree = "<group>"; };
		09A9DE9E2686F76B0026AF46 /* Descriptor.cpp */ = {isa = PBXFileReference; lastKnownFileType = sourcecode.cpp.cpp; path = Descriptor.cpp; sourceTree = "<group>"; };
		09A9DE9F2686F76B0026AF46 /* Descriptor.hpp */ = {isa = PBXFileReference; lastKnownFileType = sourcecode.cpp.h; path = Descriptor.hpp; sourceTree = "<group>"; };
		09A9DEA12686F89E0026AF46 /* Pipeline.cpp */ = {isa = PBXFileReference; lastKnownFileType = sourcecode.cpp.cpp; path = Pipeline.cpp; sourceTree = "<group>"; };
		09A9DEA22686F89E0026AF46 /* Pipeline.hpp */ = {isa = PBXFileReference; lastKnownFileType = sourcecode.cpp.h; path = Pipeline.hpp; sourceTree = "<group>"; };
		09A9DEA42687037D0026AF46 /* CommandPool.cpp */ = {isa = PBXFileReference; lastKnownFileType = sourcecode.cpp.cpp; path = CommandPool.cpp; sourceTree = "<group>"; };
		09A9DEA52687037D0026AF46 /* CommandPool.hpp */ = {isa = PBXFileReference; lastKnownFileType = sourcecode.cpp.h; path = CommandPool.hpp; sourceTree = "<group>"; };
		09A9DEA726870BE50026AF46 /* FrameBuffer.cpp */ = {isa = PBXFileReference; lastKnownFileType = sourcecode.cpp.cpp; path = FrameBuffer.cpp; sourceTree = "<group>"; };
		09A9DEA826870BE50026AF46 /* FrameBuffer.hpp */ = {isa = PBXFileReference; lastKnownFileType = sourcecode.cpp.h; path = FrameBuffer.hpp; sourceTree = "<group>"; };
		09A9DEAA26876DEA0026AF46 /* Buffer.cpp */ = {isa = PBXFileReference; lastKnownFileType = sourcecode.cpp.cpp; path = Buffer.cpp; sourceTree = "<group>"; };
		09A9DEAB26876DEA0026AF46 /* Buffer.hpp */ = {isa = PBXFileReference; lastKnownFileType = sourcecode.cpp.h; path = Buffer.hpp; sourceTree = "<group>"; };
		09A9DEAE268776240026AF46 /* test_main.cpp */ = {isa = PBXFileReference; lastKnownFileType = sourcecode.cpp.cpp; path = test_main.cpp; sourceTree = "<group>"; };
		09A9DEB0268779420026AF46 /* Sampler.cpp */ = {isa = PBXFileReference; lastKnownFileType = sourcecode.cpp.cpp; path = Sampler.cpp; sourceTree = "<group>"; };
		09A9DEB1268779420026AF46 /* Sampler.hpp */ = {isa = PBXFileReference; lastKnownFileType = sourcecode.cpp.h; path = Sampler.hpp; sourceTree = "<group>"; };
		09A9DEB326877DD80026AF46 /* LoadModel.cpp */ = {isa = PBXFileReference; lastKnownFileType = sourcecode.cpp.cpp; path = LoadModel.cpp; sourceTree = "<group>"; };
		09A9DEB426877DD80026AF46 /* LoadModel.hpp */ = {isa = PBXFileReference; lastKnownFileType = sourcecode.cpp.h; path = LoadModel.hpp; sourceTree = "<group>"; };
		09A9DEB626879D8B0026AF46 /* SyncObject.cpp */ = {isa = PBXFileReference; lastKnownFileType = sourcecode.cpp.cpp; path = SyncObject.cpp; sourceTree = "<group>"; };
		09A9DEB726879D8B0026AF46 /* SyncObject.hpp */ = {isa = PBXFileReference; lastKnownFileType = sourcecode.cpp.h; path = SyncObject.hpp; sourceTree = "<group>"; };
/* End PBXFileReference section */

/* Begin PBXFrameworksBuildPhase section */
		09A9DE4B267CEAC00026AF46 /* Frameworks */ = {
			isa = PBXFrameworksBuildPhase;
			buildActionMask = 2147483647;
			files = (
				09A9DE6F267F19CE0026AF46 /* libvulkan.1.dylib in Frameworks */,
				09A9DE5D267CF2A00026AF46 /* libglfw.3.3.dylib in Frameworks */,
				09A9DE6D267DCC0E0026AF46 /* libMoltenVK.dylib in Frameworks */,
				09A9DE61267CF2CB0026AF46 /* libvulkan.1.2.176.dylib in Frameworks */,
			);
			runOnlyForDeploymentPostprocessing = 0;
		};
/* End PBXFrameworksBuildPhase section */

/* Begin PBXGroup section */
		09A9DE45267CEAC00026AF46 = {
			isa = PBXGroup;
			children = (
				09A9DE70267F19D60026AF46 /* libvulkan.1.dylib */,
				09A9DE6B267DCC020026AF46 /* libMoltenVK.dylib */,
				09A9DE68267CF4A10026AF46 /* libglfw.3.3.dylib */,
				09A9DE63267CF4120026AF46 /* libvulkan.1.2.176.dylib */,
				09A9DE64267CF4120026AF46 /* libvulkan.1.dylib */,
				09A9DE50267CEAC00026AF46 /* vulkan */,
				09A9DE4F267CEAC00026AF46 /* Products */,
				09A9DE5B267CF2A00026AF46 /* Frameworks */,
			);
			sourceTree = "<group>";
		};
		09A9DE4F267CEAC00026AF46 /* Products */ = {
			isa = PBXGroup;
			children = (
				09A9DE4E267CEAC00026AF46 /* vulkan */,
			);
			name = Products;
			sourceTree = "<group>";
		};
		09A9DE50267CEAC00026AF46 /* vulkan */ = {
			isa = PBXGroup;
			children = (
				09A9DE81268604770026AF46 /* base */,
				09A9DE7F26837EB00026AF46 /* textures */,
				09A9DE73267F631A0026AF46 /* shaders */,
				09A9DE7D26836A940026AF46 /* stb_image.h */,
				09A9DE802684CDB10026AF46 /* tiny_obj_loader.h */,
				09A9DEAE268776240026AF46 /* test_main.cpp */,
			);
			path = vulkan;
			sourceTree = "<group>";
		};
		09A9DE5B267CF2A00026AF46 /* Frameworks */ = {
			isa = PBXGroup;
			children = (
				09A9DE6E267F19CE0026AF46 /* libvulkan.1.dylib */,
				09A9DE60267CF2CB0026AF46 /* libvulkan.1.2.176.dylib */,
				09A9DE5E267CF2C80026AF46 /* libvulkan.1.dylib */,
				09A9DE5C267CF2A00026AF46 /* libglfw.3.3.dylib */,
			);
			name = Frameworks;
			sourceTree = "<group>";
		};
		09A9DE73267F631A0026AF46 /* shaders */ = {
			isa = PBXGroup;
			children = (
				09A9DE7C267F76A70026AF46 /* frag.spv */,
				09A9DE7B267F76A70026AF46 /* vert.spv */,
				09A9DE75267F63790026AF46 /* shader.vert */,
				09A9DE76267F63DE0026AF46 /* shader.frag */,
				09A9DE77267F641C0026AF46 /* compile.sh */,
			);
			path = shaders;
			sourceTree = "<group>";
		};
		09A9DE81268604770026AF46 /* base */ = {
			isa = PBXGroup;
			children = (
				09A9DE83268604880026AF46 /* src */,
				09A9DE82268604800026AF46 /* include */,
			);
			path = base;
			sourceTree = "<group>";
		};
		09A9DE82268604800026AF46 /* include */ = {
			isa = PBXGroup;
			children = (
				090AA592268CC13900C55981 /* VulkanglTFModel.hpp */,
				090AA58F268CABEF00C55981 /* DeferredDemo.hpp */,
				09A9DEB726879D8B0026AF46 /* SyncObject.hpp */,
				09A9DEB426877DD80026AF46 /* LoadModel.hpp */,
				09A9DEB1268779420026AF46 /* Sampler.hpp */,
				09A9DEAB26876DEA0026AF46 /* Buffer.hpp */,
				09A9DEA826870BE50026AF46 /* FrameBuffer.hpp */,
				09A9DEA52687037D0026AF46 /* CommandPool.hpp */,
				09A9DEA22686F89E0026AF46 /* Pipeline.hpp */,
				09A9DE9F2686F76B0026AF46 /* Descriptor.hpp */,
				09A9DE9C2686EFA00026AF46 /* RenderPass.hpp */,
				09A9DE992686E9050026AF46 /* ImageView.hpp */,
				09A9DE962686E2190026AF46 /* SwapChain.hpp */,
				09A9DE88268608BE0026AF46 /* PhysicalDevice.h */,
				09A9DE8B26860DE40026AF46 /* VulkanRHI.h */,
				09A9DE8E268612660026AF46 /* Engine.h */,
				09A9DE91268637090026AF46 /* LogicalDevice.h */,
				09A9DE942686DDE10026AF46 /* Utils.h */,
			);
			path = include;
			sourceTree = "<group>";
		};
		09A9DE83268604880026AF46 /* src */ = {
			isa = PBXGroup;
			children = (
				09A9DE892686093D0026AF46 /* PhysicalDevice.cpp */,
				09A9DE8C26860E8A0026AF46 /* VulkanRHI.cpp */,
				09A9DE8F268612790026AF46 /* Engine.cpp */,
				09A9DE922686371F0026AF46 /* LogicalDevice.cpp */,
				09A9DE952686E2190026AF46 /* SwapChain.cpp */,
				09A9DE982686E9050026AF46 /* ImageView.cpp */,
				09A9DE9B2686EFA00026AF46 /* RenderPass.cpp */,
				09A9DE9E2686F76B0026AF46 /* Descriptor.cpp */,
				09A9DEA12686F89E0026AF46 /* Pipeline.cpp */,
				09A9DEA42687037D0026AF46 /* CommandPool.cpp */,
				09A9DEA726870BE50026AF46 /* FrameBuffer.cpp */,
				09A9DEAA26876DEA0026AF46 /* Buffer.cpp */,
				09A9DEB0268779420026AF46 /* Sampler.cpp */,
				09A9DEB326877DD80026AF46 /* LoadModel.cpp */,
				09A9DEB626879D8B0026AF46 /* SyncObject.cpp */,
				090AA58E268CABEF00C55981 /* DeferredDemo.cpp */,
				090AA591268CC13900C55981 /* VulkanglTFModel.cpp */,
			);
			path = src;
			sourceTree = "<group>";
		};
/* End PBXGroup section */

/* Begin PBXNativeTarget section */
		09A9DE4D267CEAC00026AF46 /* vulkan */ = {
			isa = PBXNativeTarget;
			buildConfigurationList = 09A9DE55267CEAC00026AF46 /* Build configuration list for PBXNativeTarget "vulkan" */;
			buildPhases = (
				09A9DE4A267CEAC00026AF46 /* Sources */,
				09A9DE4B267CEAC00026AF46 /* Frameworks */,
				09A9DE4C267CEAC00026AF46 /* CopyFiles */,
			);
			buildRules = (
			);
			dependencies = (
			);
			name = vulkan;
			productName = vulkan;
			productReference = 09A9DE4E267CEAC00026AF46 /* vulkan */;
			productType = "com.apple.product-type.tool";
		};
/* End PBXNativeTarget section */

/* Begin PBXProject section */
		09A9DE46267CEAC00026AF46 /* Project object */ = {
			isa = PBXProject;
			attributes = {
				LastUpgradeCheck = 1240;
				TargetAttributes = {
					09A9DE4D267CEAC00026AF46 = {
						CreatedOnToolsVersion = 12.4;
					};
				};
			};
			buildConfigurationList = 09A9DE49267CEAC00026AF46 /* Build configuration list for PBXProject "vulkan" */;
			compatibilityVersion = "Xcode 9.3";
			developmentRegion = en;
			hasScannedForEncodings = 0;
			knownRegions = (
				en,
				Base,
			);
			mainGroup = 09A9DE45267CEAC00026AF46;
			productRefGroup = 09A9DE4F267CEAC00026AF46 /* Products */;
			projectDirPath = "";
			projectRoot = "";
			targets = (
				09A9DE4D267CEAC00026AF46 /* vulkan */,
			);
		};
/* End PBXProject section */

/* Begin PBXSourcesBuildPhase section */
		09A9DE4A267CEAC00026AF46 /* Sources */ = {
			isa = PBXSourcesBuildPhase;
			buildActionMask = 2147483647;
			files = (
				090AA590268CABEF00C55981 /* DeferredDemo.cpp in Sources */,
				09A9DEA62687037D0026AF46 /* CommandPool.cpp in Sources */,
				09A9DE8A2686093D0026AF46 /* PhysicalDevice.cpp in Sources */,
				09A9DE972686E2190026AF46 /* SwapChain.cpp in Sources */,
				09A9DE9D2686EFA00026AF46 /* RenderPass.cpp in Sources */,
				09A9DE8D26860E8A0026AF46 /* VulkanRHI.cpp in Sources */,
				09A9DE9A2686E9050026AF46 /* ImageView.cpp in Sources */,
				090AA593268CC13900C55981 /* VulkanglTFModel.cpp in Sources */,
				09A9DEA926870BE50026AF46 /* FrameBuffer.cpp in Sources */,
				09A9DEB2268779420026AF46 /* Sampler.cpp in Sources */,
				09A9DEAC26876DEA0026AF46 /* Buffer.cpp in Sources */,
				09A9DE90268612790026AF46 /* Engine.cpp in Sources */,
				09A9DEAF268776240026AF46 /* test_main.cpp in Sources */,
				09A9DEA32686F89E0026AF46 /* Pipeline.cpp in Sources */,
				09A9DEA02686F76B0026AF46 /* Descriptor.cpp in Sources */,
				09A9DE932686371F0026AF46 /* LogicalDevice.cpp in Sources */,
				09A9DEB826879D8B0026AF46 /* SyncObject.cpp in Sources */,
				09A9DEB526877DD80026AF46 /* LoadModel.cpp in Sources */,
			);
			runOnlyForDeploymentPostprocessing = 0;
		};
/* End PBXSourcesBuildPhase section */

/* Begin XCBuildConfiguration section */
		09A9DE53267CEAC00026AF46 /* Debug */ = {
			isa = XCBuildConfiguration;
			buildSettings = {
				ALWAYS_SEARCH_USER_PATHS = NO;
				CLANG_ANALYZER_NONNULL = YES;
				CLANG_ANALYZER_NUMBER_OBJECT_CONVERSION = YES_AGGRESSIVE;
				CLANG_CXX_LANGUAGE_STANDARD = "c++17";
				CLANG_CXX_LIBRARY = "libc++";
				CLANG_ENABLE_MODULES = YES;
				CLANG_ENABLE_OBJC_ARC = YES;
				CLANG_ENABLE_OBJC_WEAK = YES;
				CLANG_WARN_BLOCK_CAPTURE_AUTORELEASING = YES;
				CLANG_WARN_BOOL_CONVERSION = YES;
				CLANG_WARN_COMMA = YES;
				CLANG_WARN_CONSTANT_CONVERSION = YES;
				CLANG_WARN_DEPRECATED_OBJC_IMPLEMENTATIONS = YES;
				CLANG_WARN_DIRECT_OBJC_ISA_USAGE = YES_ERROR;
				CLANG_WARN_DOCUMENTATION_COMMENTS = YES;
				CLANG_WARN_EMPTY_BODY = YES;
				CLANG_WARN_ENUM_CONVERSION = YES;
				CLANG_WARN_INFINITE_RECURSION = YES;
				CLANG_WARN_INT_CONVERSION = YES;
				CLANG_WARN_NON_LITERAL_NULL_CONVERSION = YES;
				CLANG_WARN_OBJC_IMPLICIT_RETAIN_SELF = YES;
				CLANG_WARN_OBJC_LITERAL_CONVERSION = YES;
				CLANG_WARN_OBJC_ROOT_CLASS = YES_ERROR;
				CLANG_WARN_QUOTED_INCLUDE_IN_FRAMEWORK_HEADER = YES;
				CLANG_WARN_RANGE_LOOP_ANALYSIS = YES;
				CLANG_WARN_STRICT_PROTOTYPES = YES;
				CLANG_WARN_SUSPICIOUS_MOVE = YES;
				CLANG_WARN_UNGUARDED_AVAILABILITY = YES_AGGRESSIVE;
				CLANG_WARN_UNREACHABLE_CODE = YES;
				CLANG_WARN__DUPLICATE_METHOD_MATCH = YES;
				COPY_PHASE_STRIP = NO;
				DEBUG_INFORMATION_FORMAT = dwarf;
				ENABLE_STRICT_OBJC_MSGSEND = YES;
				ENABLE_TESTABILITY = YES;
				GCC_C_LANGUAGE_STANDARD = gnu11;
				GCC_DYNAMIC_NO_PIC = NO;
				GCC_NO_COMMON_BLOCKS = YES;
				GCC_OPTIMIZATION_LEVEL = 0;
				GCC_PREPROCESSOR_DEFINITIONS = (
					"DEBUG=1",
					"$(inherited)",
				);
				GCC_WARN_64_TO_32_BIT_CONVERSION = YES;
				GCC_WARN_ABOUT_RETURN_TYPE = YES_ERROR;
				GCC_WARN_UNDECLARED_SELECTOR = YES;
				GCC_WARN_UNINITIALIZED_AUTOS = YES_AGGRESSIVE;
				GCC_WARN_UNUSED_FUNCTION = YES;
				GCC_WARN_UNUSED_VARIABLE = YES;
				MACOSX_DEPLOYMENT_TARGET = 11.1;
				MTL_ENABLE_DEBUG_INFO = INCLUDE_SOURCE;
				MTL_FAST_MATH = YES;
				ONLY_ACTIVE_ARCH = YES;
				SDKROOT = macosx;
			};
			name = Debug;
		};
		09A9DE54267CEAC00026AF46 /* Release */ = {
			isa = XCBuildConfiguration;
			buildSettings = {
				ALWAYS_SEARCH_USER_PATHS = NO;
				CLANG_ANALYZER_NONNULL = YES;
				CLANG_ANALYZER_NUMBER_OBJECT_CONVERSION = YES_AGGRESSIVE;
				CLANG_CXX_LANGUAGE_STANDARD = "c++17";
				CLANG_CXX_LIBRARY = "libc++";
				CLANG_ENABLE_MODULES = YES;
				CLANG_ENABLE_OBJC_ARC = YES;
				CLANG_ENABLE_OBJC_WEAK = YES;
				CLANG_WARN_BLOCK_CAPTURE_AUTORELEASING = YES;
				CLANG_WARN_BOOL_CONVERSION = YES;
				CLANG_WARN_COMMA = YES;
				CLANG_WARN_CONSTANT_CONVERSION = YES;
				CLANG_WARN_DEPRECATED_OBJC_IMPLEMENTATIONS = YES;
				CLANG_WARN_DIRECT_OBJC_ISA_USAGE = YES_ERROR;
				CLANG_WARN_DOCUMENTATION_COMMENTS = YES;
				CLANG_WARN_EMPTY_BODY = YES;
				CLANG_WARN_ENUM_CONVERSION = YES;
				CLANG_WARN_INFINITE_RECURSION = YES;
				CLANG_WARN_INT_CONVERSION = YES;
				CLANG_WARN_NON_LITERAL_NULL_CONVERSION = YES;
				CLANG_WARN_OBJC_IMPLICIT_RETAIN_SELF = YES;
				CLANG_WARN_OBJC_LITERAL_CONVERSION = YES;
				CLANG_WARN_OBJC_ROOT_CLASS = YES_ERROR;
				CLANG_WARN_QUOTED_INCLUDE_IN_FRAMEWORK_HEADER = YES;
				CLANG_WARN_RANGE_LOOP_ANALYSIS = YES;
				CLANG_WARN_STRICT_PROTOTYPES = YES;
				CLANG_WARN_SUSPICIOUS_MOVE = YES;
				CLANG_WARN_UNGUARDED_AVAILABILITY = YES_AGGRESSIVE;
				CLANG_WARN_UNREACHABLE_CODE = YES;
				CLANG_WARN__DUPLICATE_METHOD_MATCH = YES;
				COPY_PHASE_STRIP = NO;
				DEBUG_INFORMATION_FORMAT = "dwarf-with-dsym";
				ENABLE_NS_ASSERTIONS = NO;
				ENABLE_STRICT_OBJC_MSGSEND = YES;
				GCC_C_LANGUAGE_STANDARD = gnu11;
				GCC_NO_COMMON_BLOCKS = YES;
				GCC_WARN_64_TO_32_BIT_CONVERSION = YES;
				GCC_WARN_ABOUT_RETURN_TYPE = YES_ERROR;
				GCC_WARN_UNDECLARED_SELECTOR = YES;
				GCC_WARN_UNINITIALIZED_AUTOS = YES_AGGRESSIVE;
				GCC_WARN_UNUSED_FUNCTION = YES;
				GCC_WARN_UNUSED_VARIABLE = YES;
				MACOSX_DEPLOYMENT_TARGET = 11.1;
				MTL_ENABLE_DEBUG_INFO = NO;
				MTL_FAST_MATH = YES;
				SDKROOT = macosx;
			};
			name = Release;
		};
		09A9DE56267CEAC00026AF46 /* Debug */ = {
			isa = XCBuildConfiguration;
			buildSettings = {
				CLANG_CXX_LANGUAGE_STANDARD = "c++17";
				CODE_SIGN_STYLE = Automatic;
				HEADER_SEARCH_PATHS = /usr/local/include;
				LIBRARY_SEARCH_PATHS = /usr/local/lib;
				PRODUCT_NAME = "$(TARGET_NAME)";
			};
			name = Debug;
		};
		09A9DE57267CEAC00026AF46 /* Release */ = {
			isa = XCBuildConfiguration;
			buildSettings = {
				CLANG_CXX_LANGUAGE_STANDARD = "c++17";
				CODE_SIGN_STYLE = Automatic;
				HEADER_SEARCH_PATHS = /usr/local/include;
				LIBRARY_SEARCH_PATHS = /usr/local/lib;
				PRODUCT_NAME = "$(TARGET_NAME)";
			};
			name = Release;
		};
/* End XCBuildConfiguration section */

/* Begin XCConfigurationList section */
		09A9DE49267CEAC00026AF46 /* Build configuration list for PBXProject "vulkan" */ = {
			isa = XCConfigurationList;
			buildConfigurations = (
				09A9DE53267CEAC00026AF46 /* Debug */,
				09A9DE54267CEAC00026AF46 /* Release */,
			);
			defaultConfigurationIsVisible = 0;
			defaultConfigurationName = Release;
		};
		09A9DE55267CEAC00026AF46 /* Build configuration list for PBXNativeTarget "vulkan" */ = {
			isa = XCConfigurationList;
			buildConfigurations = (
				09A9DE56267CEAC00026AF46 /* Debug */,
				09A9DE57267CEAC00026AF46 /* Release */,
			);
			defaultConfigurationIsVisible = 0;
			defaultConfigurationName = Release;
		};
/* End XCConfigurationList section */
	};
	rootObject = 09A9DE46267CEAC00026AF46 /* Project object */;
}
